
Microsoft Visual Studio Solution File, Format Version 11.00
# Visual Studio 2010
Project("{FAE04EC0-301F-11D3-BF4B-00C04F79EFBC}") = "Assembly-CSharp", "Assembly-CSharp.csproj", "{23d7f518-3ec7-5418-fa5d-630b94251152}"
EndProject
Project("{FAE04EC0-301F-11D3-BF4B-00C04F79EFBC}") = "Assembly-CSharp-Editor", "Assembly-CSharp-Editor.csproj", "{6c9f3666-edfe-c72a-be82-0459e63dbe0f}"
EndProject
Global
	GlobalSection(SolutionConfigurationPlatforms) = preSolution
		Debug|Any CPU = Debug|Any CPU
	EndGlobalSection
	GlobalSection(ProjectConfigurationPlatforms) = postSolution
		{23d7f518-3ec7-5418-fa5d-630b94251152}.Debug|Any CPU.ActiveCfg = Debug|Any CPU
		{23d7f518-3ec7-5418-fa5d-630b94251152}.Debug|Any CPU.Build.0 = Debug|Any CPU
		{6c9f3666-edfe-c72a-be82-0459e63dbe0f}.Debug|Any CPU.ActiveCfg = Debug|Any CPU
		{6c9f3666-edfe-c72a-be82-0459e63dbe0f}.Debug|Any CPU.Build.0 = Debug|Any CPU
	EndGlobalSection
	GlobalSection(SolutionProperties) = preSolution
		HideSolutionNode = FALSE
	EndGlobalSection
EndGlobal
